
Microsoft Visual Studio Solution File, Format Version 12.00
# Visual Studio Version 16
VisualStudioVersion = 16.0.29326.143
MinimumVisualStudioVersion = 10.0.40219.1
Project("{FAE04EC0-301F-11D3-BF4B-00C04F79EFBC}") = "Technology Market Management System", "Techonology Market Management System\Technology Market Management System.csproj", "{C530B454-A718-497F-985A-B2ACF1353310}"
EndProject
Project("{54435603-DBB4-11D2-8724-00A0C9A8B90C}") = "Setup", "Setup\Setup.vdproj", "{B496CA67-3D89-42C3-B0AC-FC5C582A971B}"
EndProject
Global
	GlobalSection(SolutionConfigurationPlatforms) = preSolution
		Debug|Any CPU = Debug|Any CPU
		Release|Any CPU = Release|Any CPU
	EndGlobalSection
	GlobalSection(ProjectConfigurationPlatforms) = postSolution
		{C530B454-A718-497F-985A-B2ACF1353310}.Debug|Any CPU.ActiveCfg = Debug|Any CPU
		{C530B454-A718-497F-985A-B2ACF1353310}.Debug|Any CPU.Build.0 = Debug|Any CPU
		{C530B454-A718-497F-985A-B2ACF1353310}.Release|Any CPU.ActiveCfg = Release|Any CPU
		{C530B454-A718-497F-985A-B2ACF1353310}.Release|Any CPU.Build.0 = Release|Any CPU
		{B496CA67-3D89-42C3-B0AC-FC5C582A971B}.Debug|Any CPU.ActiveCfg = Debug
		{B496CA67-3D89-42C3-B0AC-FC5C582A971B}.Release|Any CPU.ActiveCfg = Release
	EndGlobalSection
	GlobalSection(SolutionProperties) = preSolution
		HideSolutionNode = FALSE
	EndGlobalSection
	GlobalSection(ExtensibilityGlobals) = postSolution
		SolutionGuid = {E317F0A6-EA20-4906-AD62-BC2195A253FB}
	EndGlobalSection
EndGlobal
